
Microsoft Visual Studio Solution File, Format Version 12.00
# Visual Studio 15
VisualStudioVersion = 15.0.27703.2047
MinimumVisualStudioVersion = 10.0.40219.1
Project("{FAE04EC0-301F-11D3-BF4B-00C04F79EFBC}") = "ParkingFeeCalculator", "ParkingCalculator\ParkingFeeCalculator.csproj", "{C5C555AB-AB73-4EF3-9986-61D4BC355DC6}"
EndProject
Project("{FAE04EC0-301F-11D3-BF4B-00C04F79EFBC}") = "UnitTesting", "UnitTesting\UnitTesting.csproj", "{D82B8537-F20C-4616-91C7-A33C83096F3D}"
EndProject
Global
	GlobalSection(SolutionConfigurationPlatforms) = preSolution
		Debug|Any CPU = Debug|Any CPU
		Release|Any CPU = Release|Any CPU
	EndGlobalSection
	GlobalSection(ProjectConfigurationPlatforms) = postSolution
		{C5C555AB-AB73-4EF3-9986-61D4BC355DC6}.Debug|Any CPU.ActiveCfg = Debug|Any CPU
		{C5C555AB-AB73-4EF3-9986-61D4BC355DC6}.Debug|Any CPU.Build.0 = Debug|Any CPU
		{C5C555AB-AB73-4EF3-9986-61D4BC355DC6}.Release|Any CPU.ActiveCfg = Release|Any CPU
		{C5C555AB-AB73-4EF3-9986-61D4BC355DC6}.Release|Any CPU.Build.0 = Release|Any CPU
		{D82B8537-F20C-4616-91C7-A33C83096F3D}.Debug|Any CPU.ActiveCfg = Debug|Any CPU
		{D82B8537-F20C-4616-91C7-A33C83096F3D}.Debug|Any CPU.Build.0 = Debug|Any CPU
		{D82B8537-F20C-4616-91C7-A33C83096F3D}.Release|Any CPU.ActiveCfg = Release|Any CPU
		{D82B8537-F20C-4616-91C7-A33C83096F3D}.Release|Any CPU.Build.0 = Release|Any CPU
	EndGlobalSection
	GlobalSection(SolutionProperties) = preSolution
		HideSolutionNode = FALSE
	EndGlobalSection
	GlobalSection(ExtensibilityGlobals) = postSolution
		SolutionGuid = {53C9A0F2-A606-41D2-B69D-AAD28EF1D862}
	EndGlobalSection
EndGlobal
